
Microsoft Visual Studio Solution File, Format Version 12.00
# Visual Studio 15
VisualStudioVersion = 15.0.26730.3
MinimumVisualStudioVersion = 10.0.40219.1
Project("{FAE04EC0-301F-11D3-BF4B-00C04F79EFBC}") = "quotes.Android", "quotes\quotes.Android\quotes.Android.csproj", "{65FA560B-7952-4F9A-AA1B-BB3EC0F97F90}"
EndProject
Project("{FAE04EC0-301F-11D3-BF4B-00C04F79EFBC}") = "quotes", "quotes\quotes\quotes.csproj", "{949949BE-BF7E-4741-AF6E-D609C7F6831E}"
EndProject
Project("{FAE04EC0-301F-11D3-BF4B-00C04F79EFBC}") = "quotes.UWP", "quotes\quotes.UWP\quotes.UWP.csproj", "{47318D5F-13A0-465D-BA7D-E222662BA6E4}"
EndProject
Project("{FAE04EC0-301F-11D3-BF4B-00C04F79EFBC}") = "quotes.iOS", "quotes\quotes.iOS\quotes.iOS.csproj", "{B7486F1F-EDF3-4A69-BCA5-47B711266B8F}"
EndProject
Global
	GlobalSection(SolutionConfigurationPlatforms) = preSolution
		Ad-Hoc|Any CPU = Ad-Hoc|Any CPU
		Ad-Hoc|ARM = Ad-Hoc|ARM
		Ad-Hoc|iPhone = Ad-Hoc|iPhone
		Ad-Hoc|iPhoneSimulator = Ad-Hoc|iPhoneSimulator
		Ad-Hoc|x64 = Ad-Hoc|x64
		Ad-Hoc|x86 = Ad-Hoc|x86
		AppStore|Any CPU = AppStore|Any CPU
		AppStore|ARM = AppStore|ARM
		AppStore|iPhone = AppStore|iPhone
		AppStore|iPhoneSimulator = AppStore|iPhoneSimulator
		AppStore|x64 = AppStore|x64
		AppStore|x86 = AppStore|x86
		Debug|Any CPU = Debug|Any CPU
		Debug|ARM = Debug|ARM
		Debug|iPhone = Debug|iPhone
		Debug|iPhoneSimulator = Debug|iPhoneSimulator
		Debug|x64 = Debug|x64
		Debug|x86 = Debug|x86
		Release|Any CPU = Release|Any CPU
		Release|ARM = Release|ARM
		Release|iPhone = Release|iPhone
		Release|iPhoneSimulator = Release|iPhoneSimulator
		Release|x64 = Release|x64
		Release|x86 = Release|x86
	EndGlobalSection
	GlobalSection(ProjectConfigurationPlatforms) = postSolution
		{65FA560B-7952-4F9A-AA1B-BB3EC0F97F90}.Ad-Hoc|Any CPU.ActiveCfg = Release|Any CPU
		{65FA560B-7952-4F9A-AA1B-BB3EC0F97F90}.Ad-Hoc|Any CPU.Build.0 = Release|Any CPU
		{65FA560B-7952-4F9A-AA1B-BB3EC0F97F90}.Ad-Hoc|Any CPU.Deploy.0 = Release|Any CPU
		{65FA560B-7952-4F9A-AA1B-BB3EC0F97F90}.Ad-Hoc|ARM.ActiveCfg = Release|Any CPU
		{65FA560B-7952-4F9A-AA1B-BB3EC0F97F90}.Ad-Hoc|ARM.Build.0 = Release|Any CPU
		{65FA560B-7952-4F9A-AA1B-BB3EC0F97F90}.Ad-Hoc|ARM.Deploy.0 = Release|Any CPU
		{65FA560B-7952-4F9A-AA1B-BB3EC0F97F90}.Ad-Hoc|iPhone.ActiveCfg = Release|Any CPU
		{65FA560B-7952-4F9A-AA1B-BB3EC0F97F90}.Ad-Hoc|iPhone.Build.0 = Release|Any CPU
		{65FA560B-7952-4F9A-AA1B-BB3EC0F97F90}.Ad-Hoc|iPhone.Deploy.0 = Release|Any CPU
		{65FA560B-7952-4F9A-AA1B-BB3EC0F97F90}.Ad-Hoc|iPhoneSimulator.ActiveCfg = Release|Any CPU
		{65FA560B-7952-4F9A-AA1B-BB3EC0F97F90}.Ad-Hoc|iPhoneSimulator.Build.0 = Release|Any CPU
		{65FA560B-7952-4F9A-AA1B-BB3EC0F97F90}.Ad-Hoc|iPhoneSimulator.Deploy.0 = Release|Any CPU
		{65FA560B-7952-4F9A-AA1B-BB3EC0F97F90}.Ad-Hoc|x64.ActiveCfg = Release|Any CPU
		{65FA560B-7952-4F9A-AA1B-BB3EC0F97F90}.Ad-Hoc|x64.Build.0 = Release|Any CPU
		{65FA560B-7952-4F9A-AA1B-BB3EC0F97F90}.Ad-Hoc|x64.Deploy.0 = Release|Any CPU
		{65FA560B-7952-4F9A-AA1B-BB3EC0F97F90}.Ad-Hoc|x86.ActiveCfg = Release|Any CPU
		{65FA560B-7952-4F9A-AA1B-BB3EC0F97F90}.Ad-Hoc|x86.Build.0 = Release|Any CPU
		{65FA560B-7952-4F9A-AA1B-BB3EC0F97F90}.Ad-Hoc|x86.Deploy.0 = Release|Any CPU
		{65FA560B-7952-4F9A-AA1B-BB3EC0F97F90}.AppStore|Any CPU.ActiveCfg = Release|Any CPU
		{65FA560B-7952-4F9A-AA1B-BB3EC0F97F90}.AppStore|Any CPU.Build.0 = Release|Any CPU
		{65FA560B-7952-4F9A-AA1B-BB3EC0F97F90}.AppStore|Any CPU.Deploy.0 = Release|Any CPU
		{65FA560B-7952-4F9A-AA1B-BB3EC0F97F90}.AppStore|ARM.ActiveCfg = Release|Any CPU
		{65FA560B-7952-4F9A-AA1B-BB3EC0F97F90}.AppStore|ARM.Build.0 = Release|Any CPU
		{65FA560B-7952-4F9A-AA1B-BB3EC0F97F90}.AppStore|ARM.Deploy.0 = Release|Any CPU
		{65FA560B-7952-4F9A-AA1B-BB3EC0F97F90}.AppStore|iPhone.ActiveCfg = Release|Any CPU
		{65FA560B-7952-4F9A-AA1B-BB3EC0F97F90}.AppStore|iPhone.Build.0 = Release|Any CPU
		{65FA560B-7952-4F9A-AA1B-BB3EC0F97F90}.AppStore|iPhone.Deploy.0 = Release|Any CPU
		{65FA560B-7952-4F9A-AA1B-BB3EC0F97F90}.AppStore|iPhoneSimulator.ActiveCfg = Release|Any CPU
		{65FA560B-7952-4F9A-AA1B-BB3EC0F97F90}.AppStore|iPhoneSimulator.Build.0 = Release|Any CPU
		{65FA560B-7952-4F9A-AA1B-BB3EC0F97F90}.AppStore|iPhoneSimulator.Deploy.0 = Release|Any CPU
		{65FA560B-7952-4F9A-AA1B-BB3EC0F97F90}.AppStore|x64.ActiveCfg = Release|Any CPU
		{65FA560B-7952-4F9A-AA1B-BB3EC0F97F90}.AppStore|x64.Build.0 = Release|Any CPU
		{65FA560B-7952-4F9A-AA1B-BB3EC0F97F90}.AppStore|x64.Deploy.0 = Release|Any CPU
		{65FA560B-7952-4F9A-AA1B-BB3EC0F97F90}.AppStore|x86.ActiveCfg = Release|Any CPU
		{65FA560B-7952-4F9A-AA1B-BB3EC0F97F90}.AppStore|x86.Build.0 = Release|Any CPU
		{65FA560B-7952-4F9A-AA1B-BB3EC0F97F90}.AppStore|x86.Deploy.0 = Release|Any CPU
		{65FA560B-7952-4F9A-AA1B-BB3EC0F97F90}.Debug|Any CPU.ActiveCfg = Debug|Any CPU
		{65FA560B-7952-4F9A-AA1B-BB3EC0F97F90}.Debug|Any CPU.Build.0 = Debug|Any CPU
		{65FA560B-7952-4F9A-AA1B-BB3EC0F97F90}.Debug|Any CPU.Deploy.0 = Debug|Any CPU
		{65FA560B-7952-4F9A-AA1B-BB3EC0F97F90}.Debug|ARM.ActiveCfg = Debug|Any CPU
		{65FA560B-7952-4F9A-AA1B-BB3EC0F97F90}.Debug|ARM.Build.0 = Debug|Any CPU
		{65FA560B-7952-4F9A-AA1B-BB3EC0F97F90}.Debug|ARM.Deploy.0 = Debug|Any CPU
		{65FA560B-7952-4F9A-AA1B-BB3EC0F97F90}.Debug|iPhone.ActiveCfg = Debug|Any CPU
		{65FA560B-7952-4F9A-AA1B-BB3EC0F97F90}.Debug|iPhone.Build.0 = Debug|Any CPU
		{65FA560B-7952-4F9A-AA1B-BB3EC0F97F90}.Debug|iPhone.Deploy.0 = Debug|Any CPU
		{65FA560B-7952-4F9A-AA1B-BB3EC0F97F90}.Debug|iPhoneSimulator.ActiveCfg = Debug|Any CPU
		{65FA560B-7952-4F9A-AA1B-BB3EC0F97F90}.Debug|iPhoneSimulator.Build.0 = Debug|Any CPU
		{65FA560B-7952-4F9A-AA1B-BB3EC0F97F90}.Debug|iPhoneSimulator.Deploy.0 = Debug|Any CPU
		{65FA560B-7952-4F9A-AA1B-BB3EC0F97F90}.Debug|x64.ActiveCfg = Debug|Any CPU
		{65FA560B-7952-4F9A-AA1B-BB3EC0F97F90}.Debug|x64.Build.0 = Debug|Any CPU
		{65FA560B-7952-4F9A-AA1B-BB3EC0F97F90}.Debug|x64.Deploy.0 = Debug|Any CPU
		{65FA560B-7952-4F9A-AA1B-BB3EC0F97F90}.Debug|x86.ActiveCfg = Debug|Any CPU
		{65FA560B-7952-4F9A-AA1B-BB3EC0F97F90}.Debug|x86.Build.0 = Debug|Any CPU
		{65FA560B-7952-4F9A-AA1B-BB3EC0F97F90}.Debug|x86.Deploy.0 = Debug|Any CPU
		{65FA560B-7952-4F9A-AA1B-BB3EC0F97F90}.Release|Any CPU.ActiveCfg = Release|Any CPU
		{65FA560B-7952-4F9A-AA1B-BB3EC0F97F90}.Release|Any CPU.Build.0 = Release|Any CPU
		{65FA560B-7952-4F9A-AA1B-BB3EC0F97F90}.Release|Any CPU.Deploy.0 = Release|Any CPU
		{65FA560B-7952-4F9A-AA1B-BB3EC0F97F90}.Release|ARM.ActiveCfg = Release|Any CPU
		{65FA560B-7952-4F9A-AA1B-BB3EC0F97F90}.Release|ARM.Build.0 = Release|Any CPU
		{65FA560B-7952-4F9A-AA1B-BB3EC0F97F90}.Release|ARM.Deploy.0 = Release|Any CPU
		{65FA560B-7952-4F9A-AA1B-BB3EC0F97F90}.Release|iPhone.ActiveCfg = Release|Any CPU
		{65FA560B-7952-4F9A-AA1B-BB3EC0F97F90}.Release|iPhone.Build.0 = Release|Any CPU
		{65FA560B-7952-4F9A-AA1B-BB3EC0F97F90}.Release|iPhone.Deploy.0 = Release|Any CPU
		{65FA560B-7952-4F9A-AA1B-BB3EC0F97F90}.Release|iPhoneSimulator.ActiveCfg = Release|Any CPU
		{65FA560B-7952-4F9A-AA1B-BB3EC0F97F90}.Release|iPhoneSimulator.Build.0 = Release|Any CPU
		{65FA560B-7952-4F9A-AA1B-BB3EC0F97F90}.Release|iPhoneSimulator.Deploy.0 = Release|Any CPU
		{65FA560B-7952-4F9A-AA1B-BB3EC0F97F90}.Release|x64.ActiveCfg = Release|Any CPU
		{65FA560B-7952-4F9A-AA1B-BB3EC0F97F90}.Release|x64.Build.0 = Release|Any CPU
		{65FA560B-7952-4F9A-AA1B-BB3EC0F97F90}.Release|x64.Deploy.0 = Release|Any CPU
		{65FA560B-7952-4F9A-AA1B-BB3EC0F97F90}.Release|x86.ActiveCfg = Release|Any CPU
		{65FA560B-7952-4F9A-AA1B-BB3EC0F97F90}.Release|x86.Build.0 = Release|Any CPU
		{65FA560B-7952-4F9A-AA1B-BB3EC0F97F90}.Release|x86.Deploy.0 = Release|Any CPU
		{949949BE-BF7E-4741-AF6E-D609C7F6831E}.Ad-Hoc|Any CPU.ActiveCfg = Release|Any CPU
		{949949BE-BF7E-4741-AF6E-D609C7F6831E}.Ad-Hoc|Any CPU.Build.0 = Release|Any CPU
		{949949BE-BF7E-4741-AF6E-D609C7F6831E}.Ad-Hoc|ARM.ActiveCfg = Release|Any CPU
		{949949BE-BF7E-4741-AF6E-D609C7F6831E}.Ad-Hoc|ARM.Build.0 = Release|Any CPU
		{949949BE-BF7E-4741-AF6E-D609C7F6831E}.Ad-Hoc|iPhone.ActiveCfg = Release|Any CPU
		{949949BE-BF7E-4741-AF6E-D609C7F6831E}.Ad-Hoc|iPhone.Build.0 = Release|Any CPU
		{949949BE-BF7E-4741-AF6E-D609C7F6831E}.Ad-Hoc|iPhoneSimulator.ActiveCfg = Release|Any CPU
		{949949BE-BF7E-4741-AF6E-D609C7F6831E}.Ad-Hoc|iPhoneSimulator.Build.0 = Release|Any CPU
		{949949BE-BF7E-4741-AF6E-D609C7F6831E}.Ad-Hoc|x64.ActiveCfg = Release|Any CPU
		{949949BE-BF7E-4741-AF6E-D609C7F6831E}.Ad-Hoc|x64.Build.0 = Release|Any CPU
		{949949BE-BF7E-4741-AF6E-D609C7F6831E}.Ad-Hoc|x86.ActiveCfg = Release|Any CPU
		{949949BE-BF7E-4741-AF6E-D609C7F6831E}.Ad-Hoc|x86.Build.0 = Release|Any CPU
		{949949BE-BF7E-4741-AF6E-D609C7F6831E}.AppStore|Any CPU.ActiveCfg = Release|Any CPU
		{949949BE-BF7E-4741-AF6E-D609C7F6831E}.AppStore|Any CPU.Build.0 = Release|Any CPU
		{949949BE-BF7E-4741-AF6E-D609C7F6831E}.AppStore|ARM.ActiveCfg = Release|Any CPU
		{949949BE-BF7E-4741-AF6E-D609C7F6831E}.AppStore|ARM.Build.0 = Release|Any CPU
		{949949BE-BF7E-4741-AF6E-D609C7F6831E}.AppStore|iPhone.ActiveCfg = Release|Any CPU
		{949949BE-BF7E-4741-AF6E-D609C7F6831E}.AppStore|iPhone.Build.0 = Release|Any CPU
		{949949BE-BF7E-4741-AF6E-D609C7F6831E}.AppStore|iPhoneSimulator.ActiveCfg = Release|Any CPU
		{949949BE-BF7E-4741-AF6E-D609C7F6831E}.AppStore|iPhoneSimulator.Build.0 = Release|Any CPU
		{949949BE-BF7E-4741-AF6E-D609C7F6831E}.AppStore|x64.ActiveCfg = Release|Any CPU
		{949949BE-BF7E-4741-AF6E-D609C7F6831E}.AppStore|x64.Build.0 = Release|Any CPU
		{949949BE-BF7E-4741-AF6E-D609C7F6831E}.AppStore|x86.ActiveCfg = Release|Any CPU
		{949949BE-BF7E-4741-AF6E-D609C7F6831E}.AppStore|x86.Build.0 = Release|Any CPU
		{949949BE-BF7E-4741-AF6E-D609C7F6831E}.Debug|Any CPU.ActiveCfg = Debug|Any CPU
		{949949BE-BF7E-4741-AF6E-D609C7F6831E}.Debug|Any CPU.Build.0 = Debug|Any CPU
		{949949BE-BF7E-4741-AF6E-D609C7F6831E}.Debug|ARM.ActiveCfg = Debug|Any CPU
		{949949BE-BF7E-4741-AF6E-D609C7F6831E}.Debug|ARM.Build.0 = Debug|Any CPU
		{949949BE-BF7E-4741-AF6E-D609C7F6831E}.Debug|iPhone.ActiveCfg = Debug|Any CPU
		{949949BE-BF7E-4741-AF6E-D609C7F6831E}.Debug|iPhone.Build.0 = Debug|Any CPU
		{949949BE-BF7E-4741-AF6E-D609C7F6831E}.Debug|iPhoneSimulator.ActiveCfg = Debug|Any CPU
		{949949BE-BF7E-4741-AF6E-D609C7F6831E}.Debug|iPhoneSimulator.Build.0 = Debug|Any CPU
		{949949BE-BF7E-4741-AF6E-D609C7F6831E}.Debug|x64.ActiveCfg = Debug|Any CPU
		{949949BE-BF7E-4741-AF6E-D609C7F6831E}.Debug|x64.Build.0 = Debug|Any CPU
		{949949BE-BF7E-4741-AF6E-D609C7F6831E}.Debug|x86.ActiveCfg = Debug|Any CPU
		{949949BE-BF7E-4741-AF6E-D609C7F6831E}.Debug|x86.Build.0 = Debug|Any CPU
		{949949BE-BF7E-4741-AF6E-D609C7F6831E}.Release|Any CPU.ActiveCfg = Release|Any CPU
		{949949BE-BF7E-4741-AF6E-D609C7F6831E}.Release|Any CPU.Build.0 = Release|Any CPU
		{949949BE-BF7E-4741-AF6E-D609C7F6831E}.Release|ARM.ActiveCfg = Release|Any CPU
		{949949BE-BF7E-4741-AF6E-D609C7F6831E}.Release|ARM.Build.0 = Release|Any CPU
		{949949BE-BF7E-4741-AF6E-D609C7F6831E}.Release|iPhone.ActiveCfg = Release|Any CPU
		{949949BE-BF7E-4741-AF6E-D609C7F6831E}.Release|iPhone.Build.0 = Release|Any CPU
		{949949BE-BF7E-4741-AF6E-D609C7F6831E}.Release|iPhoneSimulator.ActiveCfg = Release|Any CPU
		{949949BE-BF7E-4741-AF6E-D609C7F6831E}.Release|iPhoneSimulator.Build.0 = Release|Any CPU
		{949949BE-BF7E-4741-AF6E-D609C7F6831E}.Release|x64.ActiveCfg = Release|Any CPU
		{949949BE-BF7E-4741-AF6E-D609C7F6831E}.Release|x64.Build.0 = Release|Any CPU
		{949949BE-BF7E-4741-AF6E-D609C7F6831E}.Release|x86.ActiveCfg = Release|Any CPU
		{949949BE-BF7E-4741-AF6E-D609C7F6831E}.Release|x86.Build.0 = Release|Any CPU
		{47318D5F-13A0-465D-BA7D-E222662BA6E4}.Ad-Hoc|Any CPU.ActiveCfg = Release|x86
		{47318D5F-13A0-465D-BA7D-E222662BA6E4}.Ad-Hoc|Any CPU.Build.0 = Release|x86
		{47318D5F-13A0-465D-BA7D-E222662BA6E4}.Ad-Hoc|Any CPU.Deploy.0 = Release|x86
		{47318D5F-13A0-465D-BA7D-E222662BA6E4}.Ad-Hoc|ARM.ActiveCfg = Release|ARM
		{47318D5F-13A0-465D-BA7D-E222662BA6E4}.Ad-Hoc|ARM.Build.0 = Release|ARM
		{47318D5F-13A0-465D-BA7D-E222662BA6E4}.Ad-Hoc|ARM.Deploy.0 = Release|ARM
		{47318D5F-13A0-465D-BA7D-E222662BA6E4}.Ad-Hoc|iPhone.ActiveCfg = Release|x86
		{47318D5F-13A0-465D-BA7D-E222662BA6E4}.Ad-Hoc|iPhone.Build.0 = Release|x86
		{47318D5F-13A0-465D-BA7D-E222662BA6E4}.Ad-Hoc|iPhone.Deploy.0 = Release|x86
		{47318D5F-13A0-465D-BA7D-E222662BA6E4}.Ad-Hoc|iPhoneSimulator.ActiveCfg = Release|x86
		{47318D5F-13A0-465D-BA7D-E222662BA6E4}.Ad-Hoc|iPhoneSimulator.Build.0 = Release|x86
		{47318D5F-13A0-465D-BA7D-E222662BA6E4}.Ad-Hoc|iPhoneSimulator.Deploy.0 = Release|x86
		{47318D5F-13A0-465D-BA7D-E222662BA6E4}.Ad-Hoc|x64.ActiveCfg = Release|x64
		{47318D5F-13A0-465D-BA7D-E222662BA6E4}.Ad-Hoc|x64.Build.0 = Release|x64
		{47318D5F-13A0-465D-BA7D-E222662BA6E4}.Ad-Hoc|x64.Deploy.0 = Release|x64
		{47318D5F-13A0-465D-BA7D-E222662BA6E4}.Ad-Hoc|x86.ActiveCfg = Release|x86
		{47318D5F-13A0-465D-BA7D-E222662BA6E4}.Ad-Hoc|x86.Build.0 = Release|x86
		{47318D5F-13A0-465D-BA7D-E222662BA6E4}.Ad-Hoc|x86.Deploy.0 = Release|x86
		{47318D5F-13A0-465D-BA7D-E222662BA6E4}.AppStore|Any CPU.ActiveCfg = Release|x86
		{47318D5F-13A0-465D-BA7D-E222662BA6E4}.AppStore|Any CPU.Build.0 = Release|x86
		{47318D5F-13A0-465D-BA7D-E222662BA6E4}.AppStore|Any CPU.Deploy.0 = Release|x86
		{47318D5F-13A0-465D-BA7D-E222662BA6E4}.AppStore|ARM.ActiveCfg = Release|ARM
		{47318D5F-13A0-465D-BA7D-E222662BA6E4}.AppStore|ARM.Build.0 = Release|ARM
		{47318D5F-13A0-465D-BA7D-E222662BA6E4}.AppStore|ARM.Deploy.0 = Release|ARM
		{47318D5F-13A0-465D-BA7D-E222662BA6E4}.AppStore|iPhone.ActiveCfg = Release|x86
		{47318D5F-13A0-465D-BA7D-E222662BA6E4}.AppStore|iPhone.Build.0 = Release|x86
		{47318D5F-13A0-465D-BA7D-E222662BA6E4}.AppStore|iPhone.Deploy.0 = Release|x86
		{47318D5F-13A0-465D-BA7D-E222662BA6E4}.AppStore|iPhoneSimulator.ActiveCfg = Release|x86
		{47318D5F-13A0-465D-BA7D-E222662BA6E4}.AppStore|iPhoneSimulator.Build.0 = Release|x86
		{47318D5F-13A0-465D-BA7D-E222662BA6E4}.AppStore|iPhoneSimulator.Deploy.0 = Release|x86
		{47318D5F-13A0-465D-BA7D-E222662BA6E4}.AppStore|x64.ActiveCfg = Release|x64
		{47318D5F-13A0-465D-BA7D-E222662BA6E4}.AppStore|x64.Build.0 = Release|x64
		{47318D5F-13A0-465D-BA7D-E222662BA6E4}.AppStore|x64.Deploy.0 = Release|x64
		{47318D5F-13A0-465D-BA7D-E222662BA6E4}.AppStore|x86.ActiveCfg = Release|x86
		{47318D5F-13A0-465D-BA7D-E222662BA6E4}.AppStore|x86.Build.0 = Release|x86
		{47318D5F-13A0-465D-BA7D-E222662BA6E4}.AppStore|x86.Deploy.0 = Release|x86
		{47318D5F-13A0-465D-BA7D-E222662BA6E4}.Debug|Any CPU.ActiveCfg = Debug|x86
		{47318D5F-13A0-465D-BA7D-E222662BA6E4}.Debug|ARM.ActiveCfg = Debug|ARM
		{47318D5F-13A0-465D-BA7D-E222662BA6E4}.Debug|ARM.Build.0 = Debug|ARM
		{47318D5F-13A0-465D-BA7D-E222662BA6E4}.Debug|ARM.Deploy.0 = Debug|ARM
		{47318D5F-13A0-465D-BA7D-E222662BA6E4}.Debug|iPhone.ActiveCfg = Debug|x86
		{47318D5F-13A0-465D-BA7D-E222662BA6E4}.Debug|iPhoneSimulator.ActiveCfg = Debug|x86
		{47318D5F-13A0-465D-BA7D-E222662BA6E4}.Debug|x64.ActiveCfg = Debug|x64
		{47318D5F-13A0-465D-BA7D-E222662BA6E4}.Debug|x64.Build.0 = Debug|x64
		{47318D5F-13A0-465D-BA7D-E222662BA6E4}.Debug|x64.Deploy.0 = Debug|x64
		{47318D5F-13A0-465D-BA7D-E222662BA6E4}.Debug|x86.ActiveCfg = Debug|x86
		{47318D5F-13A0-465D-BA7D-E222662BA6E4}.Debug|x86.Build.0 = Debug|x86
		{47318D5F-13A0-465D-BA7D-E222662BA6E4}.Debug|x86.Deploy.0 = Debug|x86
		{47318D5F-13A0-465D-BA7D-E222662BA6E4}.Release|Any CPU.ActiveCfg = Release|x86
		{47318D5F-13A0-465D-BA7D-E222662BA6E4}.Release|ARM.ActiveCfg = Release|ARM
		{47318D5F-13A0-465D-BA7D-E222662BA6E4}.Release|ARM.Build.0 = Release|ARM
		{47318D5F-13A0-465D-BA7D-E222662BA6E4}.Release|ARM.Deploy.0 = Release|ARM
		{47318D5F-13A0-465D-BA7D-E222662BA6E4}.Release|iPhone.ActiveCfg = Release|x86
		{47318D5F-13A0-465D-BA7D-E222662BA6E4}.Release|iPhoneSimulator.ActiveCfg = Release|x86
		{47318D5F-13A0-465D-BA7D-E222662BA6E4}.Release|x64.ActiveCfg = Release|x64
		{47318D5F-13A0-465D-BA7D-E222662BA6E4}.Release|x64.Build.0 = Release|x64
		{47318D5F-13A0-465D-BA7D-E222662BA6E4}.Release|x64.Deploy.0 = Release|x64
		{47318D5F-13A0-465D-BA7D-E222662BA6E4}.Release|x86.ActiveCfg = Release|x86
		{47318D5F-13A0-465D-BA7D-E222662BA6E4}.Release|x86.Build.0 = Release|x86
		{47318D5F-13A0-465D-BA7D-E222662BA6E4}.Release|x86.Deploy.0 = Release|x86
		{B7486F1F-EDF3-4A69-BCA5-47B711266B8F}.Ad-Hoc|Any CPU.ActiveCfg = Ad-Hoc|iPhone
		{B7486F1F-EDF3-4A69-BCA5-47B711266B8F}.Ad-Hoc|ARM.ActiveCfg = Ad-Hoc|iPhone
		{B7486F1F-EDF3-4A69-BCA5-47B711266B8F}.Ad-Hoc|iPhone.ActiveCfg = Ad-Hoc|iPhone
		{B7486F1F-EDF3-4A69-BCA5-47B711266B8F}.Ad-Hoc|iPhone.Build.0 = Ad-Hoc|iPhone
		{B7486F1F-EDF3-4A69-BCA5-47B711266B8F}.Ad-Hoc|iPhoneSimulator.ActiveCfg = Ad-Hoc|iPhoneSimulator
		{B7486F1F-EDF3-4A69-BCA5-47B711266B8F}.Ad-Hoc|iPhoneSimulator.Build.0 = Ad-Hoc|iPhoneSimulator
		{B7486F1F-EDF3-4A69-BCA5-47B711266B8F}.Ad-Hoc|x64.ActiveCfg = Ad-Hoc|iPhone
		{B7486F1F-EDF3-4A69-BCA5-47B711266B8F}.Ad-Hoc|x86.ActiveCfg = Ad-Hoc|iPhone
		{B7486F1F-EDF3-4A69-BCA5-47B711266B8F}.AppStore|Any CPU.ActiveCfg = AppStore|iPhone
		{B7486F1F-EDF3-4A69-BCA5-47B711266B8F}.AppStore|ARM.ActiveCfg = AppStore|iPhone
		{B7486F1F-EDF3-4A69-BCA5-47B711266B8F}.AppStore|iPhone.ActiveCfg = AppStore|iPhone
		{B7486F1F-EDF3-4A69-BCA5-47B711266B8F}.AppStore|iPhone.Build.0 = AppStore|iPhone
		{B7486F1F-EDF3-4A69-BCA5-47B711266B8F}.AppStore|iPhoneSimulator.ActiveCfg = AppStore|iPhoneSimulator
		{B7486F1F-EDF3-4A69-BCA5-47B711266B8F}.AppStore|iPhoneSimulator.Build.0 = AppStore|iPhoneSimulator
		{B7486F1F-EDF3-4A69-BCA5-47B711266B8F}.AppStore|x64.ActiveCfg = AppStore|iPhone
		{B7486F1F-EDF3-4A69-BCA5-47B711266B8F}.AppStore|x86.ActiveCfg = AppStore|iPhone
		{B7486F1F-EDF3-4A69-BCA5-47B711266B8F}.Debug|Any CPU.ActiveCfg = Debug|iPhone
		{B7486F1F-EDF3-4A69-BCA5-47B711266B8F}.Debug|ARM.ActiveCfg = Debug|iPhone
		{B7486F1F-EDF3-4A69-BCA5-47B711266B8F}.Debug|iPhone.ActiveCfg = Debug|iPhone
		{B7486F1F-EDF3-4A69-BCA5-47B711266B8F}.Debug|iPhone.Build.0 = Debug|iPhone
		{B7486F1F-EDF3-4A69-BCA5-47B711266B8F}.Debug|iPhoneSimulator.ActiveCfg = Debug|iPhoneSimulator
		{B7486F1F-EDF3-4A69-BCA5-47B711266B8F}.Debug|iPhoneSimulator.Build.0 = Debug|iPhoneSimulator
		{B7486F1F-EDF3-4A69-BCA5-47B711266B8F}.Debug|x64.ActiveCfg = Debug|iPhone
		{B7486F1F-EDF3-4A69-BCA5-47B711266B8F}.Debug|x86.ActiveCfg = Debug|iPhone
		{B7486F1F-EDF3-4A69-BCA5-47B711266B8F}.Release|Any CPU.ActiveCfg = Release|iPhone
		{B7486F1F-EDF3-4A69-BCA5-47B711266B8F}.Release|ARM.ActiveCfg = Release|iPhone
		{B7486F1F-EDF3-4A69-BCA5-47B711266B8F}.Release|iPhone.ActiveCfg = Release|iPhone
		{B7486F1F-EDF3-4A69-BCA5-47B711266B8F}.Release|iPhone.Build.0 = Release|iPhone
		{B7486F1F-EDF3-4A69-BCA5-47B711266B8F}.Release|iPhoneSimulator.ActiveCfg = Release|iPhoneSimulator
		{B7486F1F-EDF3-4A69-BCA5-47B711266B8F}.Release|iPhoneSimulator.Build.0 = Release|iPhoneSimulator
		{B7486F1F-EDF3-4A69-BCA5-47B711266B8F}.Release|x64.ActiveCfg = Release|iPhone
		{B7486F1F-EDF3-4A69-BCA5-47B711266B8F}.Release|x86.ActiveCfg = Release|iPhone
	EndGlobalSection
	GlobalSection(SolutionProperties) = preSolution
		HideSolutionNode = FALSE
	EndGlobalSection
	GlobalSection(ExtensibilityGlobals) = postSolution
		SolutionGuid = {4F77F289-B7BF-4CB9-B8B9-7C8E1D396470}
	EndGlobalSection
EndGlobal
